
Microsoft Visual Studio Solution File, Format Version 12.00
# Visual Studio 15
VisualStudioVersion = 15.0.28307.168
MinimumVisualStudioVersion = 10.0.40219.1
Project("{FAE04EC0-301F-11D3-BF4B-00C04F79EFBC}") = "ADIStudentFeedbackTracker", "ADIStudentFeedbackTracker\ADIStudentFeedbackTracker.csproj", "{09FC25E3-E569-41A6-8BCA-B850CE19B9B8}"
EndProject
Global
	GlobalSection(SolutionConfigurationPlatforms) = preSolution
		Debug|Any CPU = Debug|Any CPU
		Release|Any CPU = Release|Any CPU
	EndGlobalSection
	GlobalSection(ProjectConfigurationPlatforms) = postSolution
		{09FC25E3-E569-41A6-8BCA-B850CE19B9B8}.Debug|Any CPU.ActiveCfg = Debug|Any CPU
		{09FC25E3-E569-41A6-8BCA-B850CE19B9B8}.Debug|Any CPU.Build.0 = Debug|Any CPU
		{09FC25E3-E569-41A6-8BCA-B850CE19B9B8}.Release|Any CPU.ActiveCfg = Release|Any CPU
		{09FC25E3-E569-41A6-8BCA-B850CE19B9B8}.Release|Any CPU.Build.0 = Release|Any CPU
	EndGlobalSection
	GlobalSection(SolutionProperties) = preSolution
		HideSolutionNode = FALSE
	EndGlobalSection
	GlobalSection(ExtensibilityGlobals) = postSolution
		SolutionGuid = {940E3A45-363D-4215-B456-0B731F4F12E3}
	EndGlobalSection
EndGlobal
